// !$*UTF8*$!
{
	archiveVersion = 1;
	classes = {
	};
	objectVersion = 50;
	objects = {

/* Begin PBXBuildFile section */
		652922F320C79F9C00F053C6 /* Item.swift in Sources */ = {isa = PBXBuildFile; fileRef = 652922F220C79F9C00F053C6 /* Item.swift */; };
		652922F520C79FA300F053C6 /* Category.swift in Sources */ = {isa = PBXBuildFile; fileRef = 652922F420C79FA300F053C6 /* Category.swift */; };
		652AB53120C59A4900A1D7D9 /* CategoryViewController.swift in Sources */ = {isa = PBXBuildFile; fileRef = 652AB53020C59A4900A1D7D9 /* CategoryViewController.swift */; };
		6535994A20B9AADC00EE36F4 /* AppDelegate.swift in Sources */ = {isa = PBXBuildFile; fileRef = 6535994920B9AADC00EE36F4 /* AppDelegate.swift */; };
		6535994C20B9AADC00EE36F4 /* TodoListViewController.swift in Sources */ = {isa = PBXBuildFile; fileRef = 6535994B20B9AADC00EE36F4 /* TodoListViewController.swift */; };
		6535994F20B9AADC00EE36F4 /* Main.storyboard in Resources */ = {isa = PBXBuildFile; fileRef = 6535994D20B9AADC00EE36F4 /* Main.storyboard */; };
		6535995120B9AADE00EE36F4 /* Assets.xcassets in Resources */ = {isa = PBXBuildFile; fileRef = 6535995020B9AADE00EE36F4 /* Assets.xcassets */; };
		6535995420B9AADE00EE36F4 /* LaunchScreen.storyboard in Resources */ = {isa = PBXBuildFile; fileRef = 6535995220B9AADE00EE36F4 /* LaunchScreen.storyboard */; };
		6544012120C79B5D00D671BC /* SwiftTableViewController.swift in Sources */ = {isa = PBXBuildFile; fileRef = 6544012020C79B5D00D671BC /* SwiftTableViewController.swift */; };
		6DA869316984F15F91C16320 /* Pods_Todoey.framework in Frameworks */ = {isa = PBXBuildFile; fileRef = 6A1BF229B64ECAF9FFF9E69C /* Pods_Todoey.framework */; };
/* End PBXBuildFile section */

/* Begin PBXFileReference section */
		652922F220C79F9C00F053C6 /* Item.swift */ = {isa = PBXFileReference; lastKnownFileType = sourcecode.swift; path = Item.swift; sourceTree = "<group>"; };
		652922F420C79FA300F053C6 /* Category.swift */ = {isa = PBXFileReference; lastKnownFileType = sourcecode.swift; path = Category.swift; sourceTree = "<group>"; };
		652AB53020C59A4900A1D7D9 /* CategoryViewController.swift */ = {isa = PBXFileReference; lastKnownFileType = sourcecode.swift; path = CategoryViewController.swift; sourceTree = "<group>"; };
		6535994620B9AADC00EE36F4 /* Todoey.app */ = {isa = PBXFileReference; explicitFileType = wrapper.application; includeInIndex = 0; path = Todoey.app; sourceTree = BUILT_PRODUCTS_DIR; };
		6535994920B9AADC00EE36F4 /* AppDelegate.swift */ = {isa = PBXFileReference; lastKnownFileType = sourcecode.swift; path = AppDelegate.swift; sourceTree = "<group>"; };
		6535994B20B9AADC00EE36F4 /* TodoListViewController.swift */ = {isa = PBXFileReference; lastKnownFileType = sourcecode.swift; path = TodoListViewController.swift; sourceTree = "<group>"; };
		6535994E20B9AADC00EE36F4 /* Base */ = {isa = PBXFileReference; lastKnownFileType = file.storyboard; name = Base; path = Base.lproj/Main.storyboard; sourceTree = "<group>"; };
		6535995020B9AADE00EE36F4 /* Assets.xcassets */ = {isa = PBXFileReference; lastKnownFileType = folder.assetcatalog; path = Assets.xcassets; sourceTree = "<group>"; };
		6535995320B9AADE00EE36F4 /* Base */ = {isa = PBXFileReference; lastKnownFileType = file.storyboard; name = Base; path = Base.lproj/LaunchScreen.storyboard; sourceTree = "<group>"; };
		6535995520B9AADE00EE36F4 /* Info.plist */ = {isa = PBXFileReference; lastKnownFileType = text.plist.xml; path = Info.plist; sourceTree = "<group>"; };
		6544012020C79B5D00D671BC /* SwiftTableViewController.swift */ = {isa = PBXFileReference; lastKnownFileType = sourcecode.swift; path = SwiftTableViewController.swift; sourceTree = "<group>"; };
		6A1BF229B64ECAF9FFF9E69C /* Pods_Todoey.framework */ = {isa = PBXFileReference; explicitFileType = wrapper.framework; includeInIndex = 0; path = Pods_Todoey.framework; sourceTree = BUILT_PRODUCTS_DIR; };
		A590E6F44547AFE151E8FCAD /* Pods-Todoey.debug.xcconfig */ = {isa = PBXFileReference; includeInIndex = 1; lastKnownFileType = text.xcconfig; name = "Pods-Todoey.debug.xcconfig"; path = "Pods/Target Support Files/Pods-Todoey/Pods-Todoey.debug.xcconfig"; sourceTree = "<group>"; };
		BB4DD61D19DBA3334BFDCED2 /* Pods-Todoey.release.xcconfig */ = {isa = PBXFileReference; includeInIndex = 1; lastKnownFileType = text.xcconfig; name = "Pods-Todoey.release.xcconfig"; path = "Pods/Target Support Files/Pods-Todoey/Pods-Todoey.release.xcconfig"; sourceTree = "<group>"; };
/* End PBXFileReference section */

/* Begin PBXFrameworksBuildPhase section */
		6535994320B9AADC00EE36F4 /* Frameworks */ = {
			isa = PBXFrameworksBuildPhase;
			buildActionMask = 2147483647;
			files = (
				6DA869316984F15F91C16320 /* Pods_Todoey.framework in Frameworks */,
			);
			runOnlyForDeploymentPostprocessing = 0;
		};
/* End PBXFrameworksBuildPhase section */

/* Begin PBXGroup section */
		650BE10520BE1EAD002B4B84 /* Data Model */ = {
			isa = PBXGroup;
			children = (
				652922F220C79F9C00F053C6 /* Item.swift */,
				652922F420C79FA300F053C6 /* Category.swift */,
			);
			path = "Data Model";
			sourceTree = "<group>";
		};
		650BE10620BE1EBF002B4B84 /* Controllers */ = {
			isa = PBXGroup;
			children = (
				652AB53020C59A4900A1D7D9 /* CategoryViewController.swift */,
				6544012020C79B5D00D671BC /* SwiftTableViewController.swift */,
				6535994B20B9AADC00EE36F4 /* TodoListViewController.swift */,
			);
			path = Controllers;
			sourceTree = "<group>";
		};
		650BE10720BE1EC7002B4B84 /* Views */ = {
			isa = PBXGroup;
			children = (
				6535994D20B9AADC00EE36F4 /* Main.storyboard */,
			);
			path = Views;
			sourceTree = "<group>";
		};
		650BE10820BE1ECF002B4B84 /* Supporting Files */ = {
			isa = PBXGroup;
			children = (
				6535995020B9AADE00EE36F4 /* Assets.xcassets */,
				6535995220B9AADE00EE36F4 /* LaunchScreen.storyboard */,
			);
			path = "Supporting Files";
			sourceTree = "<group>";
		};
		6535993D20B9AADC00EE36F4 = {
			isa = PBXGroup;
			children = (
				6535994820B9AADC00EE36F4 /* Todoey */,
				6535994720B9AADC00EE36F4 /* Products */,
				B7184394E7A3859A919C4E97 /* Pods */,
				75B836059BAF83593A688D2C /* Frameworks */,
			);
			sourceTree = "<group>";
		};
		6535994720B9AADC00EE36F4 /* Products */ = {
			isa = PBXGroup;
			children = (
				6535994620B9AADC00EE36F4 /* Todoey.app */,
			);
			name = Products;
			sourceTree = "<group>";
		};
		6535994820B9AADC00EE36F4 /* Todoey */ = {
			isa = PBXGroup;
			children = (
				6535995520B9AADE00EE36F4 /* Info.plist */,
				6535994920B9AADC00EE36F4 /* AppDelegate.swift */,
				650BE10620BE1EBF002B4B84 /* Controllers */,
				650BE10520BE1EAD002B4B84 /* Data Model */,
				650BE10720BE1EC7002B4B84 /* Views */,
				650BE10820BE1ECF002B4B84 /* Supporting Files */,
			);
			path = Todoey;
			sourceTree = "<group>";
		};
		75B836059BAF83593A688D2C /* Frameworks */ = {
			isa = PBXGroup;
			children = (
				6A1BF229B64ECAF9FFF9E69C /* Pods_Todoey.framework */,
			);
			name = Frameworks;
			sourceTree = "<group>";
		};
		B7184394E7A3859A919C4E97 /* Pods */ = {
			isa = PBXGroup;
			children = (
				A590E6F44547AFE151E8FCAD /* Pods-Todoey.debug.xcconfig */,
				BB4DD61D19DBA3334BFDCED2 /* Pods-Todoey.release.xcconfig */,
			);
			name = Pods;
			sourceTree = "<group>";
		};
/* End PBXGroup section */

/* Begin PBXNativeTarget section */
		6535994520B9AADC00EE36F4 /* Todoey */ = {
			isa = PBXNativeTarget;
			buildConfigurationList = 6535995820B9AADE00EE36F4 /* Build configuration list for PBXNativeTarget "Todoey" */;
			buildPhases = (
				4FC8516254E6C5AF3DFA60E5 /* [CP] Check Pods Manifest.lock */,
				6535994220B9AADC00EE36F4 /* Sources */,
				6535994320B9AADC00EE36F4 /* Frameworks */,
				6535994420B9AADC00EE36F4 /* Resources */,
				94CB44BC49E6AF249BEF1B59 /* [CP] Embed Pods Frameworks */,
			);
			buildRules = (
			);
			dependencies = (
			);
			name = Todoey;
			productName = Todoey;
			productReference = 6535994620B9AADC00EE36F4 /* Todoey.app */;
			productType = "com.apple.product-type.application";
		};
/* End PBXNativeTarget section */

/* Begin PBXProject section */
		6535993E20B9AADC00EE36F4 /* Project object */ = {
			isa = PBXProject;
			attributes = {
				LastSwiftUpdateCheck = 0930;
				LastUpgradeCheck = 0930;
				ORGANIZATIONNAME = "Daniel Hinker";
				TargetAttributes = {
					6535994520B9AADC00EE36F4 = {
						CreatedOnToolsVersion = 9.3.1;
					};
				};
			};
			buildConfigurationList = 6535994120B9AADC00EE36F4 /* Build configuration list for PBXProject "Todoey" */;
			compatibilityVersion = "Xcode 9.3";
			developmentRegion = en;
			hasScannedForEncodings = 0;
			knownRegions = (
				en,
				Base,
			);
			mainGroup = 6535993D20B9AADC00EE36F4;
			productRefGroup = 6535994720B9AADC00EE36F4 /* Products */;
			projectDirPath = "";
			projectRoot = "";
			targets = (
				6535994520B9AADC00EE36F4 /* Todoey */,
			);
		};
/* End PBXProject section */

/* Begin PBXResourcesBuildPhase section */
		6535994420B9AADC00EE36F4 /* Resources */ = {
			isa = PBXResourcesBuildPhase;
			buildActionMask = 2147483647;
			files = (
				6535995420B9AADE00EE36F4 /* LaunchScreen.storyboard in Resources */,
				6535995120B9AADE00EE36F4 /* Assets.xcassets in Resources */,
				6535994F20B9AADC00EE36F4 /* Main.storyboard in Resources */,
			);
			runOnlyForDeploymentPostprocessing = 0;
		};
/* End PBXResourcesBuildPhase section */

/* Begin PBXShellScriptBuildPhase section */
		4FC8516254E6C5AF3DFA60E5 /* [CP] Check Pods Manifest.lock */ = {
			isa = PBXShellScriptBuildPhase;
			buildActionMask = 2147483647;
			files = (
			);
			inputPaths = (
				"${PODS_PODFILE_DIR_PATH}/Podfile.lock",
				"${PODS_ROOT}/Manifest.lock",
			);
			name = "[CP] Check Pods Manifest.lock";
			outputPaths = (
				"$(DERIVED_FILE_DIR)/Pods-Todoey-checkManifestLockResult.txt",
			);
			runOnlyForDeploymentPostprocessing = 0;
			shellPath = /bin/sh;
			shellScript = "diff \"${PODS_PODFILE_DIR_PATH}/Podfile.lock\" \"${PODS_ROOT}/Manifest.lock\" > /dev/null\nif [ $? != 0 ] ; then\n    # print error to STDERR\n    echo \"error: The sandbox is not in sync with the Podfile.lock. Run 'pod install' or update your CocoaPods installation.\" >&2\n    exit 1\nfi\n# This output is used by Xcode 'outputs' to avoid re-running this script phase.\necho \"SUCCESS\" > \"${SCRIPT_OUTPUT_FILE_0}\"\n";
			showEnvVarsInLog = 0;
		};
		94CB44BC49E6AF249BEF1B59 /* [CP] Embed Pods Frameworks */ = {
			isa = PBXShellScriptBuildPhase;
			buildActionMask = 2147483647;
			files = (
			);
			inputPaths = (
				"${SRCROOT}/Pods/Target Support Files/Pods-Todoey/Pods-Todoey-frameworks.sh",
				"${BUILT_PRODUCTS_DIR}/ChameleonFramework/ChameleonFramework.framework",
				"${BUILT_PRODUCTS_DIR}/Realm/Realm.framework",
				"${BUILT_PRODUCTS_DIR}/RealmSwift/RealmSwift.framework",
				"${BUILT_PRODUCTS_DIR}/SwipeCellKit/SwipeCellKit.framework",
			);
			name = "[CP] Embed Pods Frameworks";
			outputPaths = (
				"${TARGET_BUILD_DIR}/${FRAMEWORKS_FOLDER_PATH}/ChameleonFramework.framework",
				"${TARGET_BUILD_DIR}/${FRAMEWORKS_FOLDER_PATH}/Realm.framework",
				"${TARGET_BUILD_DIR}/${FRAMEWORKS_FOLDER_PATH}/RealmSwift.framework",
				"${TARGET_BUILD_DIR}/${FRAMEWORKS_FOLDER_PATH}/SwipeCellKit.framework",
			);
			runOnlyForDeploymentPostprocessing = 0;
			shellPath = /bin/sh;
			shellScript = "\"${SRCROOT}/Pods/Target Support Files/Pods-Todoey/Pods-Todoey-frameworks.sh\"\n";
			showEnvVarsInLog = 0;
		};
/* End PBXShellScriptBuildPhase section */

/* Begin PBXSourcesBuildPhase section */
		6535994220B9AADC00EE36F4 /* Sources */ = {
			isa = PBXSourcesBuildPhase;
			buildActionMask = 2147483647;
			files = (
				652922F320C79F9C00F053C6 /* Item.swift in Sources */,
				652AB53120C59A4900A1D7D9 /* CategoryViewController.swift in Sources */,
				6535994C20B9AADC00EE36F4 /* TodoListViewController.swift in Sources */,
				6535994A20B9AADC00EE36F4 /* AppDelegate.swift in Sources */,
				6544012120C79B5D00D671BC /* SwiftTableViewController.swift in Sources */,
				652922F520C79FA300F053C6 /* Category.swift in Sources */,
			);
			runOnlyForDeploymentPostprocessing = 0;
		};
/* End PBXSourcesBuildPhase section */

/* Begin PBXVariantGroup section */
		6535994D20B9AADC00EE36F4 /* Main.storyboard */ = {
			isa = PBXVariantGroup;
			children = (
				6535994E20B9AADC00EE36F4 /* Base */,
			);
			name = Main.storyboard;
			sourceTree = "<group>";
		};
		6535995220B9AADE00EE36F4 /* LaunchScreen.storyboard */ = {
			isa = PBXVariantGroup;
			children = (
				6535995320B9AADE00EE36F4 /* Base */,
			);
			name = LaunchScreen.storyboard;
			sourceTree = "<group>";
		};
/* End PBXVariantGroup section */

/* Begin XCBuildConfiguration section */
		6535995620B9AADE00EE36F4 /* Debug */ = {
			isa = XCBuildConfiguration;
			buildSettings = {
				ALWAYS_SEARCH_USER_PATHS = NO;
				CLANG_ANALYZER_NONNULL = YES;
				CLANG_ANALYZER_NUMBER_OBJECT_CONVERSION = YES_AGGRESSIVE;
				CLANG_CXX_LANGUAGE_STANDARD = "gnu++14";
				CLANG_CXX_LIBRARY = "libc++";
				CLANG_ENABLE_MODULES = YES;
				CLANG_ENABLE_OBJC_ARC = YES;
				CLANG_ENABLE_OBJC_WEAK = YES;
				CLANG_WARN_BLOCK_CAPTURE_AUTORELEASING = YES;
				CLANG_WARN_BOOL_CONVERSION = YES;
				CLANG_WARN_COMMA = YES;
				CLANG_WARN_CONSTANT_CONVERSION = YES;
				CLANG_WARN_DEPRECATED_OBJC_IMPLEMENTATIONS = YES;
				CLANG_WARN_DIRECT_OBJC_ISA_USAGE = YES_ERROR;
				CLANG_WARN_DOCUMENTATION_COMMENTS = YES;
				CLANG_WARN_EMPTY_BODY = YES;
				CLANG_WARN_ENUM_CONVERSION = YES;
				CLANG_WARN_INFINITE_RECURSION = YES;
				CLANG_WARN_INT_CONVERSION = YES;
				CLANG_WARN_NON_LITERAL_NULL_CONVERSION = YES;
				CLANG_WARN_OBJC_IMPLICIT_RETAIN_SELF = YES;
				CLANG_WARN_OBJC_LITERAL_CONVERSION = YES;
				CLANG_WARN_OBJC_ROOT_CLASS = YES_ERROR;
				CLANG_WARN_RANGE_LOOP_ANALYSIS = YES;
				CLANG_WARN_STRICT_PROTOTYPES = YES;
				CLANG_WARN_SUSPICIOUS_MOVE = YES;
				CLANG_WARN_UNGUARDED_AVAILABILITY = YES_AGGRESSIVE;
				CLANG_WARN_UNREACHABLE_CODE = YES;
				CLANG_WARN__DUPLICATE_METHOD_MATCH = YES;
				CODE_SIGN_IDENTITY = "iPhone Developer";
				COPY_PHASE_STRIP = NO;
				DEBUG_INFORMATION_FORMAT = dwarf;
				ENABLE_STRICT_OBJC_MSGSEND = YES;
				ENABLE_TESTABILITY = YES;
				GCC_C_LANGUAGE_STANDARD = gnu11;
				GCC_DYNAMIC_NO_PIC = NO;
				GCC_NO_COMMON_BLOCKS = YES;
				GCC_OPTIMIZATION_LEVEL = 0;
				GCC_PREPROCESSOR_DEFINITIONS = (
					"DEBUG=1",
					"$(inherited)",
				);
				GCC_WARN_64_TO_32_BIT_CONVERSION = YES;
				GCC_WARN_ABOUT_RETURN_TYPE = YES_ERROR;
				GCC_WARN_UNDECLARED_SELECTOR = YES;
				GCC_WARN_UNINITIALIZED_AUTOS = YES_AGGRESSIVE;
				GCC_WARN_UNUSED_FUNCTION = YES;
				GCC_WARN_UNUSED_VARIABLE = YES;
				IPHONEOS_DEPLOYMENT_TARGET = 11.3;
				MTL_ENABLE_DEBUG_INFO = YES;
				ONLY_ACTIVE_ARCH = YES;
				SDKROOT = iphoneos;
				SWIFT_ACTIVE_COMPILATION_CONDITIONS = DEBUG;
				SWIFT_OPTIMIZATION_LEVEL = "-Onone";
			};
			name = Debug;
		};
		6535995720B9AADE00EE36F4 /* Release */ = {
			isa = XCBuildConfiguration;
			buildSettings = {
				ALWAYS_SEARCH_USER_PATHS = NO;
				CLANG_ANALYZER_NONNULL = YES;
				CLANG_ANALYZER_NUMBER_OBJECT_CONVERSION = YES_AGGRESSIVE;
				CLANG_CXX_LANGUAGE_STANDARD = "gnu++14";
				CLANG_CXX_LIBRARY = "libc++";
				CLANG_ENABLE_MODULES = YES;
				CLANG_ENABLE_OBJC_ARC = YES;
				CLANG_ENABLE_OBJC_WEAK = YES;
				CLANG_WARN_BLOCK_CAPTURE_AUTORELEASING = YES;
				CLANG_WARN_BOOL_CONVERSION = YES;
				CLANG_WARN_COMMA = YES;
				CLANG_WARN_CONSTANT_CONVERSION = YES;
				CLANG_WARN_DEPRECATED_OBJC_IMPLEMENTATIONS = YES;
				CLANG_WARN_DIRECT_OBJC_ISA_USAGE = YES_ERROR;
				CLANG_WARN_DOCUMENTATION_COMMENTS = YES;
				CLANG_WARN_EMPTY_BODY = YES;
				CLANG_WARN_ENUM_CONVERSION = YES;
				CLANG_WARN_INFINITE_RECURSION = YES;
				CLANG_WARN_INT_CONVERSION = YES;
				CLANG_WARN_NON_LITERAL_NULL_CONVERSION = YES;
				CLANG_WARN_OBJC_IMPLICIT_RETAIN_SELF = YES;
				CLANG_WARN_OBJC_LITERAL_CONVERSION = YES;
				CLANG_WARN_OBJC_ROOT_CLASS = YES_ERROR;
				CLANG_WARN_RANGE_LOOP_ANALYSIS = YES;
				CLANG_WARN_STRICT_PROTOTYPES = YES;
				CLANG_WARN_SUSPICIOUS_MOVE = YES;
				CLANG_WARN_UNGUARDED_AVAILABILITY = YES_AGGRESSIVE;
				CLANG_WARN_UNREACHABLE_CODE = YES;
				CLANG_WARN__DUPLICATE_METHOD_MATCH = YES;
				CODE_SIGN_IDENTITY = "iPhone Developer";
				COPY_PHASE_STRIP = NO;
				DEBUG_INFORMATION_FORMAT = "dwarf-with-dsym";
				ENABLE_NS_ASSERTIONS = NO;
				ENABLE_STRICT_OBJC_MSGSEND = YES;
				GCC_C_LANGUAGE_STANDARD = gnu11;
				GCC_NO_COMMON_BLOCKS = YES;
				GCC_WARN_64_TO_32_BIT_CONVERSION = YES;
				GCC_WARN_ABOUT_RETURN_TYPE = YES_ERROR;
				GCC_WARN_UNDECLARED_SELECTOR = YES;
				GCC_WARN_UNINITIALIZED_AUTOS = YES_AGGRESSIVE;
				GCC_WARN_UNUSED_FUNCTION = YES;
				GCC_WARN_UNUSED_VARIABLE = YES;
				IPHONEOS_DEPLOYMENT_TARGET = 11.3;
				MTL_ENABLE_DEBUG_INFO = NO;
				SDKROOT = iphoneos;
				SWIFT_COMPILATION_MODE = wholemodule;
				SWIFT_OPTIMIZATION_LEVEL = "-O";
				VALIDATE_PRODUCT = YES;
			};
			name = Release;
		};
		6535995920B9AADE00EE36F4 /* Debug */ = {
			isa = XCBuildConfiguration;
			baseConfigurationReference = A590E6F44547AFE151E8FCAD /* Pods-Todoey.debug.xcconfig */;
			buildSettings = {
				ASSETCATALOG_COMPILER_APPICON_NAME = AppIcon;
				CODE_SIGN_STYLE = Automatic;
				DEVELOPMENT_TEAM = QU7GEYP8S5;
				INFOPLIST_FILE = Todoey/Info.plist;
				LD_RUNPATH_SEARCH_PATHS = (
					"$(inherited)",
					"@executable_path/Frameworks",
				);
				PRODUCT_BUNDLE_IDENTIFIER = com.danielhinker.Todoey;
				PRODUCT_NAME = "$(TARGET_NAME)";
				SWIFT_VERSION = 4.0;
				TARGETED_DEVICE_FAMILY = "1,2";
			};
			name = Debug;
		};
		6535995A20B9AADE00EE36F4 /* Release */ = {
			isa = XCBuildConfiguration;
			baseConfigurationReference = BB4DD61D19DBA3334BFDCED2 /* Pods-Todoey.release.xcconfig */;
			buildSettings = {
				ASSETCATALOG_COMPILER_APPICON_NAME = AppIcon;
				CODE_SIGN_STYLE = Automatic;
				DEVELOPMENT_TEAM = QU7GEYP8S5;
				INFOPLIST_FILE = Todoey/Info.plist;
				LD_RUNPATH_SEARCH_PATHS = (
					"$(inherited)",
					"@executable_path/Frameworks",
				);
				PRODUCT_BUNDLE_IDENTIFIER = com.danielhinker.Todoey;
				PRODUCT_NAME = "$(TARGET_NAME)";
				SWIFT_VERSION = 4.0;
				TARGETED_DEVICE_FAMILY = "1,2";
			};
			name = Release;
		};
/* End XCBuildConfiguration section */

/* Begin XCConfigurationList section */
		6535994120B9AADC00EE36F4 /* Build configuration list for PBXProject "Todoey" */ = {
			isa = XCConfigurationList;
			buildConfigurations = (
				6535995620B9AADE00EE36F4 /* Debug */,
				6535995720B9AADE00EE36F4 /* Release */,
			);
			defaultConfigurationIsVisible = 0;
			defaultConfigurationName = Release;
		};
		6535995820B9AADE00EE36F4 /* Build configuration list for PBXNativeTarget "Todoey" */ = {
			isa = XCConfigurationList;
			buildConfigurations = (
				6535995920B9AADE00EE36F4 /* Debug */,
				6535995A20B9AADE00EE36F4 /* Release */,
			);
			defaultConfigurationIsVisible = 0;
			defaultConfigurationName = Release;
		};
/* End XCConfigurationList section */
	};
	rootObject = 6535993E20B9AADC00EE36F4 /* Project object */;
}
